
Microsoft Visual Studio Solution File, Format Version 12.00
# Visual Studio Version 17
VisualStudioVersion = 17.2.32630.192
MinimumVisualStudioVersion = 10.0.40219.1
Project("{FAE04EC0-301F-11D3-BF4B-00C04F79EFBC}") = "StudentProject", "StudentProject.csproj", "{D6CDA004-3C8C-4393-8F82-E5DF558F8349}"
EndProject
Global
	GlobalSection(SolutionConfigurationPlatforms) = preSolution
		Debug|Any CPU = Debug|Any CPU
		Release|Any CPU = Release|Any CPU
	EndGlobalSection
	GlobalSection(ProjectConfigurationPlatforms) = postSolution
		{D6CDA004-3C8C-4393-8F82-E5DF558F8349}.Debug|Any CPU.ActiveCfg = Debug|Any CPU
		{D6CDA004-3C8C-4393-8F82-E5DF558F8349}.Debug|Any CPU.Build.0 = Debug|Any CPU
		{D6CDA004-3C8C-4393-8F82-E5DF558F8349}.Release|Any CPU.ActiveCfg = Release|Any CPU
		{D6CDA004-3C8C-4393-8F82-E5DF558F8349}.Release|Any CPU.Build.0 = Release|Any CPU
	EndGlobalSection
	GlobalSection(SolutionProperties) = preSolution
		HideSolutionNode = FALSE
	EndGlobalSection
	GlobalSection(ExtensibilityGlobals) = postSolution
		SolutionGuid = {628C8173-EE1F-400C-B1BE-50A78B33FAD0}
	EndGlobalSection
EndGlobal
